{"1.2.0",
[{<<"do">>,{pkg,<<"do">>,<<"1.10.2">>},0},
 {<<"knife">>,
  {git,"https://github.com/Dr-Nekoma/knife.git",
       {ref,"29d71ab147e1fda407794530d13b40496e321d2d"}},
  0},
 {<<"lfe">>,{pkg,<<"lfe">>,<<"2.0.1">>},1}]}.
[
{pkg_hash,[
 {<<"do">>, <<"7EFE3A7A50717E3CA94C478E0F0B275B394E2151E3B4DD6F47CC9C862A43683C">>},
 {<<"lfe">>, <<"C95185AC7E244EDB60C72CE96087D2D3FBC85334109B741790EF49F6A52E728A">>}]},
{pkg_hash_ext,[
 {<<"do">>, <<"533D6427AE36617AE11E5D93DFBBF238BBF2E10183430EC9806E35315611508A">>},
 {<<"lfe">>, <<"C3EA9732DF613186C14CAC840D25283B87914AE74D87AFCBA3230AAB41D25E9F">>}]}
].
